hash: adf7a10770fbfc32d2118b3cb1d0cabbc2af57881a93d65906b35fa80481037f
updated: 2018-02-17T00:08:31.461418719+03:00
imports:
- name: code.cloudfoundry.org/clock
  version: e9dc86bbf0e5bbe6bf7ff5a6f71e048959b61f71
- name: github.com/alexedwards/scs
  version: dbad6751cfac0714e079d0ef9a8bc1d14d52de21
  subpackages:
  - stores/cookiestore
  - stores/memstore
- name: github.com/andybalholm/cascadia
  version: 349dd0209470eabd9514242c688c403c0926d266
- name: github.com/bsm/histogram
  version: 253b217b3ad255d48994a6f74de4f82650f5e70d
- name: github.com/bugsnag/osext
  version: 0dd3f918b21bec95ace9dc86c7e70266cfc5c702
- name: github.com/davecheney/gpio
  version: a6de66e7e47065fca1a55c62c3f3cab3144694e6
- name: github.com/deckarep/golang-set
  version: 1d4478f51bed434f1dadf96dcd9b43aabac66795
- name: github.com/elazarl/go-bindata-assetfs
  version: 30f82fa23fd844bd5bb1e5f216db87fd77b5eb43
- name: github.com/go-routeros/routeros
  version: 2dc19c12445caefdc2d128f7331dcc83284211ef
- name: github.com/go-sql-driver/mysql
  version: 9181e3a86a19bacd63e68d43ae8b7b36320d8092
- name: github.com/goburrow/serial
  version: 5efbe925ecf714f8ba147bf2226f2e7afc7111bc
- name: github.com/golang/protobuf
  version: 1e59b77b52bf8e4b449a57e6f79f21226d571845
  subpackages:
  - proto
  - ptypes
  - ptypes/any
  - ptypes/duration
  - ptypes/timestamp
- name: github.com/google/go-querystring
  version: 53e6ce116135b80d037921a7fdd5138cf32d7a8a
  subpackages:
  - query
- name: github.com/influxdata/influxdb
  version: c85043e9d1d1cadee0934771b2f0804b2147c5ae
  subpackages:
  - client/v2
  - models
  - pkg/escape
- name: github.com/julienschmidt/httprouter
  version: e1b9828bc9e5904baec057a154c09ca40fe7fae0
- name: github.com/justinas/alice
  version: 03f45bd4b7dad4734bc4620e46a35789349abb20
- name: github.com/kardianos/osext
  version: ae77be60afb1dcacde03767a8c37337fad28ac14
- name: github.com/kihamo/go-grafana-api
  version: b9af836f6e9ddb24b1bb5d3d498459d93816ed64
- name: github.com/kihamo/go-workers
  version: 07b9554cb27e16cf843817db861c5bf9ac87bdd2
  subpackages:
  - dispatcher
  - listener
  - manager
  - task
  - worker
- name: github.com/kihamo/gotypes
  version: c1b2b85a41fe44ea31cb3f713b175448cfb08b84
- name: github.com/kihamo/shadow
  version: 012923f8a09ef00320616c3607de4c00cf859b33
  subpackages:
  - components/annotations
  - components/annotations/instance
  - components/annotations/internal
  - components/annotations/storage
  - components/config
  - components/config/instance
  - components/config/internal
  - components/config/internal/handlers
  - components/dashboard
  - components/dashboard/auth
  - components/dashboard/auth/providers/password
  - components/dashboard/instance
  - components/dashboard/internal
  - components/dashboard/internal/handlers
  - components/dashboard/runtime
  - components/database
  - components/grpc
  - components/logger
  - components/logger/instance
  - components/logger/internal
  - components/messengers
  - components/messengers/instance
  - components/messengers/internal
  - components/messengers/internal/annotations
  - components/messengers/internal/handlers
  - components/messengers/platforms/telegram
  - components/metrics
  - components/metrics/instance
  - components/metrics/internal
  - components/metrics/internal/handlers
  - components/profiling
  - components/profiling/instance
  - components/profiling/internal
  - components/profiling/internal/handlers
  - components/profiling/trace
  - components/workers
  - components/workers/instance
  - components/workers/internal
  - components/workers/internal/handlers
- name: github.com/kihamo/snitch
  version: e4d6b609e3e7317796ace171d60477ee95f8410e
  subpackages:
  - collector
  - collector/runtime
  - internal
  - storage
- name: github.com/lann/builder
  version: f22ce00fd9394014049dad11c244859432bd6820
- name: github.com/lann/ps
  version: 62de8c46ede02a7675c4c79c84883eb164cb71e3
- name: github.com/mailru/easyjson
  version: 32fa128f234d041f196a9f3e0fea5ac9772c08e1
  subpackages:
  - buffer
  - jlexer
  - jwriter
- name: github.com/markbates/goth
  version: fc7c453140c74156d0c6cee3b0bb81fe2c21cce4
  subpackages:
  - providers/github
  - providers/gitlab
  - providers/gplus
- name: github.com/OneOfOne/xxhash
  version: 4e9e81466dc37c9fd94ce9ecf42020ef54112203
- name: github.com/patrickmn/go-cache
  version: a3647f8e31d79543b2d0f0ae2fe5c379d72cedc0
- name: github.com/pborman/uuid
  version: c65b2f87fee37d1c7854c9164a450713c28d50cd
- name: github.com/PuerkitoBio/goquery
  version: 09540e565986583836b5fc792fe951ec5fd201dd
- name: github.com/rs/xhandler
  version: 1eb70cf1520d43c307a89c5dabb7a7efd132fccd
- name: github.com/rs/xid
  version: 390d6a8eeb3caeef8befccd1f9fae78eee5a0b34
- name: github.com/rs/xlog
  version: 7ed5dc1cca34bb0c9e8f0e58dcf19b6dea3044d5
  subpackages:
  - internal/term
- name: github.com/rubenv/sql-migrate
  version: 6edbfbd6a369ee82463312ec67b2c92f97a1d4dc
  subpackages:
  - sqlparse
- name: github.com/technoweenie/multipartstreamer
  version: a90a01d73ae432e2611d178c18367fbaa13e0154
- name: golang.org/x/crypto
  version: 9477e0b78b9ac3d0b03822fd95422e2fe07627cd
  subpackages:
  - nacl/secretbox
  - poly1305
  - salsa20/salsa
- name: golang.org/x/net
  version: d866cfc389cec985d6fda2859936a575a55a3ab6
  subpackages:
  - context
  - context/ctxhttp
  - html
  - html/atom
  - http2
  - http2/hpack
  - idna
  - internal/timeseries
  - lex/httplex
  - trace
- name: golang.org/x/oauth2
  version: 543e37812f10c46c622c9575afd7ad22f22a12ba
  subpackages:
  - internal
- name: golang.org/x/text
  version: 6eab0e8f74e86c598ec3b6fad4888e0c11482d48
  subpackages:
  - secure/bidirule
  - transform
  - unicode/bidi
  - unicode/norm
- name: google.golang.org/appengine
  version: 5bee14b453b4c71be47ec1781b0fa61c2ea182db
  subpackages:
  - internal
  - internal/base
  - internal/datastore
  - internal/log
  - internal/remote_api
  - internal/urlfetch
  - urlfetch
- name: google.golang.org/genproto
  version: 2b5a72b8730b0b16380010cfe5286c42108d88e7
  subpackages:
  - googleapis/rpc/status
- name: google.golang.org/grpc
  version: 6b51017f791ae1cfbec89c52efdf444b13b550ef
  subpackages:
  - balancer
  - balancer/base
  - balancer/roundrobin
  - codes
  - connectivity
  - credentials
  - encoding
  - grpclb/grpc_lb_v1/messages
  - grpclog
  - internal
  - keepalive
  - metadata
  - naming
  - peer
  - resolver
  - resolver/dns
  - resolver/passthrough
  - stats
  - status
  - tap
  - transport
- name: gopkg.in/gorp.v1
  version: c87af80f3cc5036b55b83d77171e156791085e2e
- name: gopkg.in/Masterminds/squirrel.v1
  version: a6b93000bd219143c56c16e6cb1c4b91da3f224b
- name: gopkg.in/routeros.v2
  version: 2dc19c12445caefdc2d128f7331dcc83284211ef
  subpackages:
  - proto
- name: gopkg.in/telegram-bot-api.v4
  version: 2022d04b94f50056a09962b1ac81cdd821d20a55
testImports: []
