hash: ca98f09a319b157ea9a9347c5e8dc05af7ec23f697e42602f2eaa2076e357f35
updated: 2018-10-17T22:25:49.841748+03:00
imports:
- name: code.cloudfoundry.org/clock
  version: e9dc86bbf0e5bbe6bf7ff5a6f71e048959b61f71
- name: github.com/alexedwards/scs
  version: dbad6751cfac0714e079d0ef9a8bc1d14d52de21
  subpackages:
  - stores/cookiestore
  - stores/memstore
- name: github.com/andybalholm/cascadia
  version: 901648c87902174f774fac311d7f176f8647bdaa
- name: github.com/asaskevich/govalidator
  version: f9ffefc3facfbe0caee3fea233cbb6e8208f4541
- name: github.com/beorn7/perks
  version: 3a771d992973f24aa725d07868b467d1ddfceafb
  subpackages:
  - quantile
- name: github.com/bsm/histogram
  version: 253b217b3ad255d48994a6f74de4f82650f5e70d
- name: github.com/bugsnag/osext
  version: 0dd3f918b21bec95ace9dc86c7e70266cfc5c702
- name: github.com/chai2010/gettext-go
  version: bf70f2a70fb1b1f36d90d671a72795984eab0fcb
  subpackages:
  - gettext/mo
- name: github.com/codahale/hdrhistogram
  version: 3a0bb77429bd3a61596f5e8a3172445844342120
- name: github.com/deckarep/golang-set
  version: cbaa98ba5575e67703b32b4b19f73c91f3c4159e
- name: github.com/eclipse/paho.mqtt.golang
  version: 36d01c2b4cbeb3d2a12063e4880ce30800af9560
  subpackages:
  - packets
- name: github.com/elazarl/go-bindata-assetfs
  version: 38087fe4dafb822e541b3f7955075cc1c30bd294
- name: github.com/faiface/beep
  version: 63cc6fbbac46dba1a03e55f0ebc965d6c82ca8e1
  subpackages:
  - effects
  - flac
  - mp3
  - wav
- name: github.com/fsnotify/fsnotify
  version: c2828203cd70a50dcccfb2761f8b1f8ceef9a8e9
- name: github.com/ghthor/gowol
  version: eb42ead1b24e9226bddb05004815f6e72280f879
- name: github.com/globalsign/mgo
  version: eeefdecb41b842af6dc652aaea4026e8403e62df
  subpackages:
  - bson
  - internal/json
- name: github.com/go-openapi/analysis
  version: c701774f4e604d952e4e8c56dee260be696e33c3
  subpackages:
  - internal
- name: github.com/go-openapi/errors
  version: d9664f9fab8994271e573ed69cf2adfc09b7a800
- name: github.com/go-openapi/jsonpointer
  version: ef5f0afec364d3b9396b7b77b43dbe26bf1f8004
- name: github.com/go-openapi/jsonreference
  version: 8483a886a90412cd6858df4ea3483dce9c8e35a3
- name: github.com/go-openapi/loads
  version: 150d36912387ec2f607be674c5be309ddccc0eed
- name: github.com/go-openapi/runtime
  version: 231d7876b7019dbcbfc97a7ba764379497b67c1d
  subpackages:
  - client
  - logger
  - middleware
  - middleware/denco
  - middleware/header
  - middleware/untyped
  - security
- name: github.com/go-openapi/spec
  version: 5bae59e25b21498baea7f9d46e9c147ec106a42e
- name: github.com/go-openapi/strfmt
  version: 35fe47352985e13cc75f13120d70d26fd764ed51
- name: github.com/go-openapi/swag
  version: 5899d5c5e619fda5fa86e14795a835f473ca284c
- name: github.com/go-openapi/validate
  version: d2eab7d93009e9215fc85b2faa2c2f2a98c2af48
- name: github.com/go-sql-driver/mysql
  version: 9181e3a86a19bacd63e68d43ae8b7b36320d8092
- name: github.com/go-swagger/go-swagger
  version: 84da4f998602ef20ebd60a576756996162a1ca66
- name: github.com/goburrow/serial
  version: 5efbe925ecf714f8ba147bf2226f2e7afc7111bc
- name: github.com/golang/protobuf
  version: b4deda0973fb4c70b50d226b1af49f3da59f5265
  subpackages:
  - proto
  - ptypes
  - ptypes/any
  - ptypes/duration
  - ptypes/struct
  - ptypes/timestamp
- name: github.com/google/go-querystring
  version: 53e6ce116135b80d037921a7fdd5138cf32d7a8a
  subpackages:
  - query
- name: github.com/gopherjs/gopherjs
  version: 0766667cb4d1cfb8d5fde1fe210ae41ead3cf589
  subpackages:
  - js
- name: github.com/gopherjs/gopherwasm
  version: b0e1786f520333e4546f02930c5ca8a929b38841
  subpackages:
  - js
- name: github.com/gorilla/websocket
  version: 0647012449a1878977514a346b26637dd022446c
- name: github.com/grpc-ecosystem/go-grpc-middleware
  version: c250d6563d4d4c20252cd865923440e829844f4e
  subpackages:
  - logging
- name: github.com/grpc-ecosystem/grpc-opentracing
  version: 8e809c8a86450a29b90dcc9efbf062d0fe6d9746
  subpackages:
  - go/otgrpc
- name: github.com/hajimehoshi/go-mp3
  version: 90191ee719ddc192865cd96bdc8013ef1ed6dbea
  subpackages:
  - internal/bits
  - internal/consts
  - internal/frame
  - internal/frameheader
  - internal/huffman
  - internal/imdct
  - internal/maindata
  - internal/sideinfo
- name: github.com/hajimehoshi/oto
  version: f48c4541b748ac0a09e8d207588ecc890ca47615
- name: github.com/hashicorp/errwrap
  version: 7554cd9344cec97297fa6649b055a8c98c2a1e55
- name: github.com/hashicorp/go-multierror
  version: b7773ae218740a7be65057fc60b366a49b538a44
- name: github.com/heptiolabs/healthcheck
  version: da5fdee475fb09de87c5d4a50da233b7d28767b1
- name: github.com/icza/bitio
  version: b25b30b425083d5b200f092711bac9027828452c
- name: github.com/influxdata/influxdb
  version: c85043e9d1d1cadee0934771b2f0804b2147c5ae
  subpackages:
  - client/v2
  - models
  - pkg/escape
- name: github.com/julienschmidt/httprouter
  version: e1b9828bc9e5904baec057a154c09ca40fe7fae0
- name: github.com/justinas/alice
  version: 03f45bd4b7dad4734bc4620e46a35789349abb20
- name: github.com/kardianos/osext
  version: ae77be60afb1dcacde03767a8c37337fad28ac14
- name: github.com/kihamo/go-grafana-api
  version: b9af836f6e9ddb24b1bb5d3d498459d93816ed64
- name: github.com/kihamo/go-workers
  version: af007d1826733cfa7441f492b26e20f8142be621
  subpackages:
  - dispatcher
  - event
  - listener
  - manager
  - task
  - worker
- name: github.com/kihamo/gotypes
  version: c1b2b85a41fe44ea31cb3f713b175448cfb08b84
- name: github.com/kihamo/shadow
  version: 52a0f655928d058c09e7b3276f656d24d5c45a20
  subpackages:
  - components/annotations
  - components/annotations/instance
  - components/annotations/internal
  - components/annotations/storage
  - components/config
  - components/config/instance
  - components/config/internal
  - components/config/internal/handlers
  - components/dashboard
  - components/dashboard/auth
  - components/dashboard/auth/providers/password
  - components/dashboard/instance
  - components/dashboard/internal
  - components/dashboard/internal/handlers
  - components/dashboard/runtime
  - components/database
  - components/grpc
  - components/grpc/stats
  - components/i18n
  - components/i18n/instance
  - components/i18n/internal
  - components/i18n/internal/handlers
  - components/i18n/internationalization
  - components/logger
  - components/logger/grpc
  - components/logger/http
  - components/logger/instance
  - components/logger/internal
  - components/logger/output
  - components/messengers
  - components/messengers/instance
  - components/messengers/internal
  - components/messengers/internal/annotations
  - components/messengers/internal/handlers
  - components/messengers/platforms/telegram
  - components/metrics
  - components/metrics/grpc
  - components/metrics/http
  - components/metrics/instance
  - components/metrics/internal
  - components/metrics/internal/handlers
  - components/profiling
  - components/profiling/instance
  - components/profiling/internal
  - components/profiling/internal/handlers
  - components/profiling/trace
  - components/tracing
  - components/tracing/grpc
  - components/tracing/http
  - components/tracing/instance
  - components/tracing/internal
  - components/workers
  - components/workers/instance
  - components/workers/internal
  - components/workers/internal/handlers
  - misc/http
  - misc/time
- name: github.com/kihamo/snitch
  version: e4d6b609e3e7317796ace171d60477ee95f8410e
  subpackages:
  - collector
  - collector/runtime
  - internal
  - storage
- name: github.com/lann/builder
  version: 1b87b36280d04fe7882d1512bf038ea2967ad534
- name: github.com/lann/ps
  version: 62de8c46ede02a7675c4c79c84883eb164cb71e3
- name: github.com/mailru/easyjson
  version: 3fdea8d05856a0c8df22ed4bc71b3219245e4485
  subpackages:
  - buffer
  - jlexer
  - jwriter
- name: github.com/markbates/goth
  version: fc7c453140c74156d0c6cee3b0bb81fe2c21cce4
  subpackages:
  - providers/github
  - providers/gitlab
  - providers/gplus
- name: github.com/mattn/kinako
  version: 332c0a7e205a29536e672337a4bea6c7a96b04c1
  subpackages:
  - ast
  - parser
  - vm
- name: github.com/matttproud/golang_protobuf_extensions
  version: c12348ce28de40eed0136aa2b644d0ee0650e56c
  subpackages:
  - pbutil
- name: github.com/mcuadros/go-syslog
  version: 9cf13b7327c0e153da3cba3540c2ae2b879c3859
- name: github.com/mewkiz/flac
  version: c28568d4b15b142e7893f7635450d16bef3f833c
  subpackages:
  - frame
  - internal/bits
  - internal/hashutil
  - internal/hashutil/crc16
  - internal/hashutil/crc8
  - internal/ioutilx
  - internal/utf8
  - meta
- name: github.com/mewkiz/pkg
  version: c19a6f9fa6f8bc8710e243710ee205c13688b998
  subpackages:
  - errutil
  - term
- name: github.com/mitchellh/gox
  version: 51ed453898ca5579fea9ad1f08dff6b121d9f2e8
- name: github.com/mitchellh/mapstructure
  version: 3536a929edddb9a5b34bd6861dc4a9647cb459fe
- name: github.com/mmcloughlin/geohash
  version: f7f2bcae3294530249c63fcb6fb6d5e83eee4e73
- name: github.com/OneOfOne/xxhash
  version: 6def279d2ce6c81a79dd1c1be580f03bb216fb8a
- name: github.com/opentracing-contrib/go-stdlib
  version: 07a764486eb10927e8cf38337918a40d430524ee
  subpackages:
  - nethttp
- name: github.com/opentracing/opentracing-go
  version: 1949ddbfd147afd4d964a9f00b24eb291e0e7c38
  subpackages:
  - ext
  - log
- name: github.com/patrickmn/go-cache
  version: a3647f8e31d79543b2d0f0ae2fe5c379d72cedc0
- name: github.com/pborman/uuid
  version: c65b2f87fee37d1c7854c9164a450713c28d50cd
- name: github.com/pkg/errors
  version: 816c9085562cd7ee03e7f8188a1cfd942858cded
- name: github.com/prometheus/client_golang
  version: bcbbc08eb2ddff3af83bbf11e7ec13b4fd730b6e
  subpackages:
  - prometheus
- name: github.com/prometheus/client_model
  version: 5c3871d89910bfb32f5fcab2aa4b9ec68e65a99f
  subpackages:
  - go
- name: github.com/prometheus/common
  version: 7600349dcfe1abd18d72d3a1770870d9800a7801
  subpackages:
  - expfmt
  - internal/bitbucket.org/ww/goautoneg
  - model
- name: github.com/prometheus/procfs
  version: ae68e2d4c00fed4943b5f6698d504a5fe083da8a
  subpackages:
  - internal/util
  - nfs
  - xfs
- name: github.com/PuerkitoBio/goquery
  version: 09540e565986583836b5fc792fe951ec5fd201dd
- name: github.com/PuerkitoBio/purell
  version: 975f53781597ed779763b7b65566e74c4004d8de
- name: github.com/PuerkitoBio/urlesc
  version: de5bf2ad457846296e2031421a34e2568e304e35
- name: github.com/putsi/paparazzogo
  version: bec63fd585dca3c9893ee4a6efd6dcc57d60cace
- name: github.com/rs/xhandler
  version: 1eb70cf1520d43c307a89c5dabb7a7efd132fccd
- name: github.com/rs/xid
  version: 705291fb22314c68b7f5d8c0674cb19954ca8f81
- name: github.com/rs/xlog
  version: 131980fab91b04c953b9dcb438298a7f06cf76cb
  subpackages:
  - internal/term
- name: github.com/rubenv/sql-migrate
  version: 6edbfbd6a369ee82463312ec67b2c92f97a1d4dc
  subpackages:
  - sqlparse
- name: github.com/sigurn/crc8
  version: e55481d6f45c5a8f040343bace9013571dae103e
- name: github.com/sigurn/utils
  version: f19e41f79f8f006116f682c1af454591bc278ad4
- name: github.com/technoweenie/multipartstreamer
  version: a90a01d73ae432e2611d178c18367fbaa13e0154
- name: github.com/uber/jaeger-client-go
  version: 1a782e2da844727691fef1757c72eb190c2909f0
  subpackages:
  - config
  - internal/baggage
  - internal/baggage/remote
  - internal/spanlog
  - internal/throttler
  - internal/throttler/remote
  - log
  - rpcmetrics
  - thrift
  - thrift-gen/agent
  - thrift-gen/baggage
  - thrift-gen/jaeger
  - thrift-gen/sampling
  - thrift-gen/zipkincore
  - transport
  - utils
- name: github.com/uber/jaeger-lib
  version: ed3a127ec5fef7ae9ea95b01b542c47fbd999ce5
  subpackages:
  - metrics
- name: github.com/yryz/ds18b20
  version: 3cf383a406247c49e48a80014f3e17ddee418742
- name: gobot.io/x/gobot
  version: c1d0e3ce485df0b45076d1d93b7d9240b770d5fc
  subpackages:
  - drivers/gpio
  - drivers/i2c
  - drivers/spi
  - platforms/raspi
  - sysfs
- name: gocv.io/x/gocv
  version: bc016e27fba3560070e16affd605768d68110867
- name: golang.org/x/crypto
  version: 9477e0b78b9ac3d0b03822fd95422e2fe07627cd
  subpackages:
  - nacl/secretbox
  - poly1305
  - salsa20/salsa
- name: golang.org/x/exp
  version: d8bb7a16721e319e95865be2662b889387204776
  subpackages:
  - shiny/driver/gldriver
  - shiny/driver/internal/drawer
  - shiny/driver/internal/errscreen
  - shiny/driver/internal/event
  - shiny/driver/internal/lifecycler
  - shiny/driver/internal/win32
  - shiny/driver/internal/x11key
  - shiny/screen
- name: golang.org/x/image
  version: 991ec62608f3c0da01d400756917825d1e2fd528
  subpackages:
  - math/f64
- name: golang.org/x/mobile
  version: 92f3b9caf7ba8f4f9c10074225afcba0cba47a62
  subpackages:
  - app
  - app/internal/callfn
  - event/key
  - event/lifecycle
  - event/mouse
  - event/paint
  - event/size
  - event/touch
  - geom
  - gl
  - internal/mobileinit
- name: golang.org/x/net
  version: d866cfc389cec985d6fda2859936a575a55a3ab6
  subpackages:
  - context
  - context/ctxhttp
  - html
  - html/atom
  - http2
  - http2/hpack
  - idna
  - internal/timeseries
  - lex/httplex
  - proxy
  - trace
  - websocket
- name: golang.org/x/oauth2
  version: 921ae394b9430ed4fb549668d7b087601bd60a81
  subpackages:
  - internal
- name: golang.org/x/sync
  version: 1d60e4601c6fd243af51cc01ddf169918a5407ca
  subpackages:
  - errgroup
- name: golang.org/x/sys
  version: fa43e7bc11baaae89f3f902b2b4d832b68234844
  subpackages:
  - unix
  - windows
- name: golang.org/x/text
  version: 6eab0e8f74e86c598ec3b6fad4888e0c11482d48
  subpackages:
  - internal/tag
  - language
  - secure/bidirule
  - transform
  - unicode/bidi
  - unicode/norm
  - width
- name: google.golang.org/appengine
  version: 0a24098c0ec68416ec050f567f75df563d6b231e
  subpackages:
  - internal
  - internal/base
  - internal/datastore
  - internal/log
  - internal/remote_api
  - internal/urlfetch
  - urlfetch
- name: google.golang.org/genproto
  version: 51d0944304c3cbce4afe9e5247e21100037bff78
  subpackages:
  - googleapis/rpc/status
- name: google.golang.org/grpc
  version: 168a6198bcb0ef175f7dacec0b8691fc141dc9b8
  subpackages:
  - balancer
  - balancer/base
  - balancer/roundrobin
  - codes
  - connectivity
  - credentials
  - encoding
  - encoding/proto
  - grpclog
  - health/grpc_health_v1
  - internal
  - internal/backoff
  - internal/channelz
  - internal/grpcrand
  - keepalive
  - metadata
  - naming
  - peer
  - resolver
  - resolver/dns
  - resolver/passthrough
  - stats
  - status
  - tap
  - transport
- name: gopkg.in/gorp.v1
  version: c87af80f3cc5036b55b83d77171e156791085e2e
- name: gopkg.in/Masterminds/squirrel.v1
  version: a6b93000bd219143c56c16e6cb1c4b91da3f224b
- name: gopkg.in/mcuadros/go-syslog.v2
  version: 9cf13b7327c0e153da3cba3540c2ae2b879c3859
  subpackages:
  - format
  - internal/syslogparser
  - internal/syslogparser/rfc3164
  - internal/syslogparser/rfc5424
- name: gopkg.in/routeros.v2
  version: 2dc19c12445caefdc2d128f7331dcc83284211ef
  subpackages:
  - proto
- name: gopkg.in/telegram-bot-api.v4
  version: 9860bdfd3a171ceafb6e1eafa163482a6ef92643
- name: gopkg.in/yaml.v2
  version: 5420a8b6744d3b0345ab293f6fcba19c978f1183
- name: periph.io/x/periph
  version: f34a1b4e75c5935f6269723ae45eacd0aa1d1a2a
  subpackages:
  - conn
  - conn/gpio
  - conn/gpio/gpioreg
  - conn/gpio/gpiostream
  - conn/i2c
  - conn/i2c/i2creg
  - conn/physic
  - conn/pin
  - conn/pin/pinreg
  - conn/spi
  - conn/spi/spireg
  - host
  - host/allwinner
  - host/am335x
  - host/bcm283x
  - host/beagle/black
  - host/beagle/bone
  - host/beagle/green
  - host/chip
  - host/cpu
  - host/distro
  - host/fs
  - host/odroidc1
  - host/pine64
  - host/pmem
  - host/rpi
  - host/sysfs
  - host/videocore
testImports: []
