hash: 784d7ab3953226d78165ed42d09c9641882a29a62723459baacb8ce0d5e8af12
updated: 2019-02-25T04:04:46.562249+03:00
imports:
- name: cloud.google.com/go
  version: 756b0e0009e81a539e95b2821201b2bf1153a475
  subpackages:
  - compute/metadata
  - firestore
  - firestore/apiv1beta1
  - iam
  - internal
  - internal/btree
  - internal/fields
  - internal/optional
  - internal/trace
  - internal/version
  - storage
- name: code.cloudfoundry.org/clock
  version: 02e53af36e6c978af692887ed449b74026d76fec
- name: firebase.google.com/go
  version: d66173809ba9d56b97a4e69df7f832c9a93cd323
  subpackages:
  - auth
  - db
  - iid
  - internal
  - messaging
  - storage
- name: github.com/alexedwards/scs
  version: dbad6751cfac0714e079d0ef9a8bc1d14d52de21
  subpackages:
  - stores/cookiestore
  - stores/memstore
- name: github.com/andybalholm/cascadia
  version: 680b6a57bda4f657485ad44bdea42342ead737bc
- name: github.com/asaskevich/govalidator
  version: f9ffefc3facfbe0caee3fea233cbb6e8208f4541
- name: github.com/barnybug/go-cast
  version: 2bd907ad55c2f7a81c5b130e6d7e6f84de55aa40
  repo: git@github.com:kihamo/go-cast.git
  vcs: git
  subpackages:
  - api
  - controllers
  - events
  - log
  - net
- name: github.com/beorn7/perks
  version: 3a771d992973f24aa725d07868b467d1ddfceafb
  subpackages:
  - quantile
- name: github.com/bsm/histogram
  version: e219932777c945c7a221ce0e7ace7712c59c8bac
- name: github.com/bugsnag/osext
  version: 0dd3f918b21bec95ace9dc86c7e70266cfc5c702
- name: github.com/chai2010/gettext-go
  version: bf70f2a70fb1b1f36d90d671a72795984eab0fcb
  subpackages:
  - gettext/mo
- name: github.com/codahale/hdrhistogram
  version: 3a0bb77429bd3a61596f5e8a3172445844342120
- name: github.com/deckarep/golang-set
  version: cbaa98ba5575e67703b32b4b19f73c91f3c4159e
- name: github.com/denisbrodbeck/machineid
  version: e2e48f90c87f1f77286682531a46ff99e95d8089
- name: github.com/eclipse/paho.mqtt.golang
  version: cb7eb9363b4469c601b1a714447653b720e4e43a
  subpackages:
  - packets
- name: github.com/elazarl/go-bindata-assetfs
  version: 38087fe4dafb822e541b3f7955075cc1c30bd294
- name: github.com/faiface/beep
  version: 082eb9168dd13b6829788ac8246f152d63665753
  subpackages:
  - effects
  - flac
  - mp3
  - vorbis
  - wav
- name: github.com/fsnotify/fsnotify
  version: c2828203cd70a50dcccfb2761f8b1f8ceef9a8e9
- name: github.com/ghthor/gowol
  version: eb42ead1b24e9226bddb05004815f6e72280f879
- name: github.com/globalsign/mgo
  version: eeefdecb41b842af6dc652aaea4026e8403e62df
  subpackages:
  - bson
  - internal/json
- name: github.com/go-openapi/analysis
  version: e2f3fdbb7ed0e56e070ccbfb6fc75b288a33c014
  subpackages:
  - internal
- name: github.com/go-openapi/errors
  version: 7a7ff1b7b8020f22574411a32f28b4d168d69237
- name: github.com/go-openapi/jsonpointer
  version: ef5f0afec364d3b9396b7b77b43dbe26bf1f8004
- name: github.com/go-openapi/jsonreference
  version: 8483a886a90412cd6858df4ea3483dce9c8e35a3
- name: github.com/go-openapi/loads
  version: 74628589c3b94e3526a842d24f46589980f5ab22
- name: github.com/go-openapi/runtime
  version: aadb2cc7b8862fdab251bf60a8b9d2a951c9746c
  subpackages:
  - client
  - logger
  - middleware
  - middleware/denco
  - middleware/header
  - middleware/untyped
  - security
- name: github.com/go-openapi/spec
  version: 5b6cdde3200976e3ecceb2868706ee39b6aff3e4
- name: github.com/go-openapi/strfmt
  version: e471370ae57ac74eaf0afe816a66e4ddd7f1b027
- name: github.com/go-openapi/swag
  version: 1d29f06aebd59ccdf11ae04aa0334ded96e2d909
- name: github.com/go-openapi/validate
  version: d2eab7d93009e9215fc85b2faa2c2f2a98c2af48
- name: github.com/go-sql-driver/mysql
  version: 9181e3a86a19bacd63e68d43ae8b7b36320d8092
- name: github.com/go-swagger/go-swagger
  version: 84da4f998602ef20ebd60a576756996162a1ca66
- name: github.com/goburrow/serial
  version: 5efbe925ecf714f8ba147bf2226f2e7afc7111bc
- name: github.com/gogo/protobuf
  version: 30433562cfbf487fe1df7cd26c7bab168d2f14d0
  subpackages:
  - proto
- name: github.com/golang/protobuf
  version: aa810b61a9c79d51363740d207bb46cf8e620ed5
  subpackages:
  - proto
  - protoc-gen-go/descriptor
  - ptypes
  - ptypes/any
  - ptypes/duration
  - ptypes/empty
  - ptypes/struct
  - ptypes/timestamp
  - ptypes/wrappers
- name: github.com/google/go-querystring
  version: 44c6ddd0a2342c386950e880b658017258da92fc
  subpackages:
  - query
- name: github.com/google/uuid
  version: 9b3b1e0f5f99ae461456d768e7d301a7acdaa2d8
- name: github.com/googleapis/gax-go
  version: ddfab93c3faef4935403ac75a7c11f0e731dc181
  subpackages:
  - v2
- name: github.com/gopherjs/gopherjs
  version: d547d1d9531ed93dbdebcbff7f83e7c876a1e0ee
  subpackages:
  - js
- name: github.com/gopherjs/gopherwasm
  version: 9c36104a24b8823669aeec409d3d05c372206fac
  subpackages:
  - js
- name: github.com/gorilla/websocket
  version: 66b9c49e59c6c48f0ffce28c2d8b8a5678502c6d
- name: github.com/grpc-ecosystem/go-grpc-middleware
  version: c250d6563d4d4c20252cd865923440e829844f4e
  subpackages:
  - logging
- name: github.com/grpc-ecosystem/grpc-opentracing
  version: 8e809c8a86450a29b90dcc9efbf062d0fe6d9746
  subpackages:
  - go/otgrpc
- name: github.com/hajimehoshi/go-mp3
  version: 90191ee719ddc192865cd96bdc8013ef1ed6dbea
  subpackages:
  - internal/bits
  - internal/consts
  - internal/frame
  - internal/frameheader
  - internal/huffman
  - internal/imdct
  - internal/maindata
  - internal/sideinfo
- name: github.com/hajimehoshi/oto
  version: 69b46d84898282d901717ca51635af708da6c086
- name: github.com/hashicorp/golang-lru
  version: 20f1fb78b0740ba8c3cb143a61e86ba5c8669768
  subpackages:
  - simplelru
- name: github.com/heptiolabs/healthcheck
  version: da5fdee475fb09de87c5d4a50da233b7d28767b1
- name: github.com/icza/bitio
  version: b25b30b425083d5b200f092711bac9027828452c
- name: github.com/influxdata/influxdb
  version: c85043e9d1d1cadee0934771b2f0804b2147c5ae
  subpackages:
  - client/v2
  - models
  - pkg/escape
- name: github.com/jfreymuth/oggvorbis
  version: ae597dfe1dbbe0024c3ef962f9f8a8f7de3f158b
- name: github.com/jfreymuth/vorbis
  version: 2f16367d086d143e8e946cc5ee24618147d673dc
- name: github.com/julienschmidt/httprouter
  version: e1b9828bc9e5904baec057a154c09ca40fe7fae0
- name: github.com/justinas/alice
  version: 03f45bd4b7dad4734bc4620e46a35789349abb20
- name: github.com/kardianos/osext
  version: ae77be60afb1dcacde03767a8c37337fad28ac14
- name: github.com/kihamo/go-grafana-api
  version: b9af836f6e9ddb24b1bb5d3d498459d93816ed64
- name: github.com/kihamo/go-workers
  version: 5fbca9be0fd9cd11bb6aa398d071d0f6f7fd287c
  subpackages:
  - dispatcher
  - event
  - listener
  - manager
  - task
  - worker
- name: github.com/kihamo/gotypes
  version: c1b2b85a41fe44ea31cb3f713b175448cfb08b84
- name: github.com/kihamo/shadow
  version: fd92a96e10371242538183e86437e15176e28abb
  subpackages:
  - components/annotations
  - components/config
  - components/config/instance
  - components/config/internal
  - components/config/internal/handlers
  - components/dashboard
  - components/dashboard/auth
  - components/dashboard/auth/providers/password
  - components/dashboard/instance
  - components/dashboard/internal
  - components/dashboard/internal/handlers
  - components/dashboard/runtime
  - components/database
  - components/grpc
  - components/grpc/stats
  - components/i18n
  - components/i18n/instance
  - components/i18n/internal
  - components/i18n/internal/handlers
  - components/i18n/internationalization
  - components/logging
  - components/logging/grpc
  - components/logging/http
  - components/logging/instance
  - components/logging/internal
  - components/logging/internal/handlers
  - components/logging/internal/wrapper
  - components/messengers
  - components/messengers/instance
  - components/messengers/internal
  - components/messengers/internal/annotations
  - components/messengers/internal/handlers
  - components/messengers/platforms/telegram
  - components/metrics
  - components/metrics/grpc
  - components/metrics/http
  - components/metrics/instance
  - components/metrics/internal
  - components/metrics/internal/handlers
  - components/profiling
  - components/profiling/instance
  - components/profiling/internal
  - components/profiling/internal/handlers
  - components/profiling/trace
  - components/tracing
  - components/tracing/grpc
  - components/tracing/http
  - components/tracing/instance
  - components/tracing/internal
  - components/tracing/internal/tracer
  - components/workers
  - components/workers/instance
  - components/workers/internal
  - components/workers/internal/handlers
  - misc/http
  - misc/time
- name: github.com/kihamo/snitch
  version: 8906b9856597ab79107425f4823321d40cc6af08
  subpackages:
  - collector
  - collector/runtime
  - internal
  - storage
- name: github.com/lann/builder
  version: 47ae307949d02aa1f1069fdafc00ca08e1dbabac
- name: github.com/lann/ps
  version: 62de8c46ede02a7675c4c79c84883eb164cb71e3
- name: github.com/mailru/easyjson
  version: 3fdea8d05856a0c8df22ed4bc71b3219245e4485
  subpackages:
  - buffer
  - jlexer
  - jwriter
- name: github.com/markbates/goth
  version: fc7c453140c74156d0c6cee3b0bb81fe2c21cce4
  subpackages:
  - providers/github
  - providers/gitlab
  - providers/gplus
- name: github.com/mattn/kinako
  version: 332c0a7e205a29536e672337a4bea6c7a96b04c1
  subpackages:
  - ast
  - parser
  - vm
- name: github.com/matttproud/golang_protobuf_extensions
  version: c12348ce28de40eed0136aa2b644d0ee0650e56c
  subpackages:
  - pbutil
- name: github.com/mcuadros/go-syslog
  version: 9cf13b7327c0e153da3cba3540c2ae2b879c3859
- name: github.com/mewkiz/flac
  version: c28568d4b15b142e7893f7635450d16bef3f833c
  subpackages:
  - frame
  - internal/bits
  - internal/hashutil
  - internal/hashutil/crc16
  - internal/hashutil/crc8
  - internal/ioutilx
  - internal/utf8
  - meta
- name: github.com/mewkiz/pkg
  version: 9729f4f4ff2bb0cfa96b0929d335196be35fecdc
  subpackages:
  - errutil
  - term
- name: github.com/mitchellh/gox
  version: 9cc487598128d0963ff9dcc51176e722788ec645
- name: github.com/mitchellh/mapstructure
  version: 3536a929edddb9a5b34bd6861dc4a9647cb459fe
- name: github.com/mmcloughlin/geohash
  version: f7f2bcae3294530249c63fcb6fb6d5e83eee4e73
- name: github.com/OneOfOne/xxhash
  version: 456a93f5dffea9f90d34d67b03b144f12a8125cc
- name: github.com/opentracing-contrib/go-stdlib
  version: c9628a4f0148d7e441a4af66dc0b1653cd941c20
  subpackages:
  - nethttp
- name: github.com/opentracing/opentracing-go
  version: 1949ddbfd147afd4d964a9f00b24eb291e0e7c38
  subpackages:
  - ext
  - log
- name: github.com/patrickmn/go-cache
  version: 5633e0862627c011927fa39556acae8b1f1df58a
- name: github.com/pborman/uuid
  version: 8b1b92947f46224e3b97bb1a3a5b0382be00d31e
- name: github.com/pkg/errors
  version: ba968bfe8b2f7e042a574c888954fccecfa385b4
- name: github.com/prometheus/client_golang
  version: c5b7fccd204277076155f10851dad72b76a49317
  subpackages:
  - prometheus
- name: github.com/prometheus/client_model
  version: 5c3871d89910bfb32f5fcab2aa4b9ec68e65a99f
  subpackages:
  - go
- name: github.com/prometheus/common
  version: aeab699e26f4d4089dba5e522e5d9babd2adbaf7
  subpackages:
  - expfmt
  - internal/bitbucket.org/ww/goautoneg
  - model
- name: github.com/prometheus/procfs
  version: 185b4288413d2a0dd0806f78c90dde719829e5ae
  subpackages:
  - internal/util
  - nfs
  - xfs
- name: github.com/PuerkitoBio/goquery
  version: 09540e565986583836b5fc792fe951ec5fd201dd
- name: github.com/PuerkitoBio/purell
  version: 975f53781597ed779763b7b65566e74c4004d8de
- name: github.com/PuerkitoBio/urlesc
  version: de5bf2ad457846296e2031421a34e2568e304e35
- name: github.com/robbiet480/go.nut
  version: 246697bfaea771ddfe4ce0d754e6e2a7b8214f0f
- name: github.com/rubenv/sql-migrate
  version: 6edbfbd6a369ee82463312ec67b2c92f97a1d4dc
  subpackages:
  - sqlparse
- name: github.com/snabb/webostv
  version: bae6b85a37a6ea235af0571b9f3ff944651a6581
- name: github.com/sparrc/go-ping
  version: ef3ab45e41b017889941ea5bb796dd502d2b5a1b
- name: github.com/technoweenie/multipartstreamer
  version: a90a01d73ae432e2611d178c18367fbaa13e0154
- name: github.com/uber/jaeger-client-go
  version: 1a782e2da844727691fef1757c72eb190c2909f0
  subpackages:
  - config
  - internal/baggage
  - internal/baggage/remote
  - internal/spanlog
  - internal/throttler
  - internal/throttler/remote
  - log
  - rpcmetrics
  - thrift
  - thrift-gen/agent
  - thrift-gen/baggage
  - thrift-gen/jaeger
  - thrift-gen/sampling
  - thrift-gen/zipkincore
  - transport
  - utils
- name: github.com/uber/jaeger-lib
  version: ed3a127ec5fef7ae9ea95b01b542c47fbd999ce5
  subpackages:
  - metrics
- name: github.com/yryz/ds18b20
  version: 3cf383a406247c49e48a80014f3e17ddee418742
- name: go.opencensus.io
  version: 7a32882185281dc6ea972e9b80d6a58448359977
  subpackages:
  - exemplar
  - internal
  - internal/tagencoding
  - plugin/ocgrpc
  - plugin/ochttp
  - plugin/ochttp/propagation/b3
  - stats
  - stats/internal
  - stats/view
  - tag
  - trace
  - trace/internal
  - trace/propagation
  - trace/tracestate
- name: go.uber.org/atomic
  version: 1ea20fb1cbb1cc08cbd0d913a96dead89aa18289
- name: go.uber.org/multierr
  version: 3c4937480c32f4c13a875a1829af76c98ca3d40a
- name: go.uber.org/zap
  version: ff33455a0e382e8a81d14dd7c922020b6b5e7982
  subpackages:
  - buffer
  - internal/bufferpool
  - internal/color
  - internal/exit
  - zapcore
- name: gobot.io/x/gobot
  version: c1d0e3ce485df0b45076d1d93b7d9240b770d5fc
- name: golang.org/x/crypto
  version: 9477e0b78b9ac3d0b03822fd95422e2fe07627cd
  subpackages:
  - nacl/secretbox
  - poly1305
  - salsa20/salsa
- name: golang.org/x/exp
  version: d9c527d6d0b47a696ffac0deae40c20e56c9e1c5
  subpackages:
  - shiny/driver/gldriver
  - shiny/driver/internal/drawer
  - shiny/driver/internal/errscreen
  - shiny/driver/internal/event
  - shiny/driver/internal/lifecycler
  - shiny/driver/internal/win32
  - shiny/driver/internal/x11key
  - shiny/screen
- name: golang.org/x/image
  version: cd38e8056d9b27bb2f265effa37fb0ea6b8a7f0f
  subpackages:
  - math/f64
- name: golang.org/x/mobile
  version: ca3c58166ed802c9810ffc499b01bc1cd2e0153a
  subpackages:
  - app
  - app/internal/callfn
  - event/key
  - event/lifecycle
  - event/mouse
  - event/paint
  - event/size
  - event/touch
  - geom
  - gl
  - internal/mobileinit
- name: golang.org/x/net
  version: d866cfc389cec985d6fda2859936a575a55a3ab6
  subpackages:
  - bpf
  - context
  - context/ctxhttp
  - html
  - html/atom
  - http2
  - http2/hpack
  - icmp
  - idna
  - internal/iana
  - internal/socket
  - internal/timeseries
  - ipv4
  - ipv6
  - lex/httplex
  - proxy
  - trace
  - websocket
- name: golang.org/x/oauth2
  version: 8f65e3013ebad444f13bc19536f7865efc793816
  subpackages:
  - google
  - internal
  - jws
  - jwt
- name: golang.org/x/sync
  version: 1d60e4601c6fd243af51cc01ddf169918a5407ca
  subpackages:
  - errgroup
- name: golang.org/x/sys
  version: 62eef0e2fa9b2c385f7b2778e763486da6880d37
  subpackages:
  - unix
  - windows
  - windows/registry
- name: golang.org/x/text
  version: e6919f6577db79269a6443b9dc46d18f2238fb5d
  subpackages:
  - internal/language
  - internal/language/compact
  - internal/tag
  - language
  - secure/bidirule
  - transform
  - unicode/bidi
  - unicode/norm
  - width
- name: google.golang.org/api
  version: 2332327d474b8b265f7d524cac166fe335d821a9
  subpackages:
  - gensupport
  - googleapi
  - googleapi/internal/uritemplates
  - googleapi/transport
  - identitytoolkit/v3
  - internal
  - iterator
  - option
  - storage/v1
  - transport
  - transport/grpc
  - transport/http
  - transport/http/internal/propagation
- name: google.golang.org/appengine
  version: 4a4468ece617fc8205e99368fa2200e9d1fad421
  subpackages:
  - internal
  - internal/app_identity
  - internal/base
  - internal/datastore
  - internal/log
  - internal/modules
  - internal/remote_api
  - internal/socket
  - internal/urlfetch
  - socket
  - urlfetch
- name: google.golang.org/genproto
  version: b5d43981345bdb2c233eb4bf3277847b48c6fdc6
  subpackages:
  - googleapis/api/annotations
  - googleapis/firestore/v1beta1
  - googleapis/iam/v1
  - googleapis/rpc/code
  - googleapis/rpc/status
  - googleapis/type/latlng
- name: google.golang.org/grpc
  version: a02b0774206b209466313a0b525d2c738fe407eb
  subpackages:
  - balancer
  - balancer/base
  - balancer/roundrobin
  - binarylog/grpc_binarylog_v1
  - codes
  - connectivity
  - credentials
  - credentials/internal
  - credentials/oauth
  - encoding
  - encoding/proto
  - grpclog
  - health/grpc_health_v1
  - internal
  - internal/backoff
  - internal/binarylog
  - internal/channelz
  - internal/envconfig
  - internal/grpcrand
  - internal/grpcsync
  - internal/syscall
  - internal/transport
  - keepalive
  - metadata
  - naming
  - peer
  - resolver
  - resolver/dns
  - resolver/passthrough
  - stats
  - status
  - tap
- name: gopkg.in/gorp.v1
  version: 6a667da9c028871f98598d85413e3fc4c6daa52e
- name: gopkg.in/Masterminds/squirrel.v1
  version: a6b93000bd219143c56c16e6cb1c4b91da3f224b
- name: gopkg.in/mcuadros/go-syslog.v2
  version: 9cf13b7327c0e153da3cba3540c2ae2b879c3859
  subpackages:
  - format
  - internal/syslogparser
  - internal/syslogparser/rfc3164
  - internal/syslogparser/rfc5424
- name: gopkg.in/routeros.v2
  version: 2dc19c12445caefdc2d128f7331dcc83284211ef
  subpackages:
  - proto
- name: gopkg.in/telegram-bot-api.v4
  version: 9860bdfd3a171ceafb6e1eafa163482a6ef92643
- name: gopkg.in/yaml.v2
  version: 51d6538a90f86fe93ac480b35f37b2be17fef232
- name: periph.io/x/periph
  version: f34a1b4e75c5935f6269723ae45eacd0aa1d1a2a
  subpackages:
  - conn
  - conn/gpio
  - conn/gpio/gpioreg
  - conn/gpio/gpiostream
  - conn/i2c
  - conn/i2c/i2creg
  - conn/physic
  - conn/pin
  - conn/pin/pinreg
  - conn/spi
  - conn/spi/spireg
  - host
  - host/allwinner
  - host/am335x
  - host/bcm283x
  - host/beagle/black
  - host/beagle/bone
  - host/beagle/green
  - host/chip
  - host/cpu
  - host/distro
  - host/fs
  - host/odroidc1
  - host/pine64
  - host/pmem
  - host/rpi
  - host/sysfs
  - host/videocore
testImports: []
